
Microsoft Visual Studio Solution File, Format Version 12.00
# Visual Studio Version 16
VisualStudioVersion = 16.0.30309.148
MinimumVisualStudioVersion = 10.0.40219.1
Project("{FAE04EC0-301F-11D3-BF4B-00C04F79EFBC}") = "Minato", "Minato\Minato.csproj", "{38E83FCB-25A5-493C-86A9-9F6200C5201A}"
EndProject
Global
	GlobalSection(SolutionConfigurationPlatforms) = preSolution
		Debug|Any CPU = Debug|Any CPU
		Release|Any CPU = Release|Any CPU
	EndGlobalSection
	GlobalSection(ProjectConfigurationPlatforms) = postSolution
		{38E83FCB-25A5-493C-86A9-9F6200C5201A}.Debug|Any CPU.ActiveCfg = Debug|Any CPU
		{38E83FCB-25A5-493C-86A9-9F6200C5201A}.Debug|Any CPU.Build.0 = Debug|Any CPU
		{38E83FCB-25A5-493C-86A9-9F6200C5201A}.Release|Any CPU.ActiveCfg = Release|Any CPU
		{38E83FCB-25A5-493C-86A9-9F6200C5201A}.Release|Any CPU.Build.0 = Release|Any CPU
	EndGlobalSection
	GlobalSection(SolutionProperties) = preSolution
		HideSolutionNode = FALSE
	EndGlobalSection
	GlobalSection(ExtensibilityGlobals) = postSolution
		SolutionGuid = {C73A83AB-33FF-49AD-A02F-F3150A6A6201}
	EndGlobalSection
EndGlobal
